
Microsoft Visual Studio Solution File, Format Version 12.00
# Visual Studio Version 17
VisualStudioVersion = 17.5.33424.131
MinimumVisualStudioVersion = 10.0.40219.1
Project("{9A19103F-16F7-4668-BE54-9A1E7A4F7556}") = "MapeoEmpresa", "MapeoEmpresa\MapeoEmpresa.csproj", "{9A46418B-F09C-4145-A5E8-ABE1704A4CF7}"
EndProject
Project("{9A19103F-16F7-4668-BE54-9A1E7A4F7556}") = "VentaTradicional", "VentaTradicional\VentaTradicional.csproj", "{D5260577-C09B-43A0-963B-F8FAEC0323EE}"
EndProject
Project("{9A19103F-16F7-4668-BE54-9A1E7A4F7556}") = "GestionDeUsuarios", "GestionDeUsuarios\GestionDeUsuarios.csproj", "{38B013B6-53BB-45EF-B154-0728821C7F0B}"
EndProject
Project("{9A19103F-16F7-4668-BE54-9A1E7A4F7556}") = "ServiciosComponentes", "ServiciosComponentes\ServiciosComponentes.csproj", "{F9652FC6-3DB8-454A-B4E8-F09CFC97158F}"
EndProject
Project("{9A19103F-16F7-4668-BE54-9A1E7A4F7556}") = "CatalogoVentaOnline", "CatalogoVentaOnline\CatalogoVentaOnline.csproj", "{207147BF-A8F1-49BC-9FDE-A29F195F80E6}"
EndProject
Global
	GlobalSection(SolutionConfigurationPlatforms) = preSolution
		Debug|Any CPU = Debug|Any CPU
		Release|Any CPU = Release|Any CPU
	EndGlobalSection
	GlobalSection(ProjectConfigurationPlatforms) = postSolution
		{9A46418B-F09C-4145-A5E8-ABE1704A4CF7}.Debug|Any CPU.ActiveCfg = Debug|Any CPU
		{9A46418B-F09C-4145-A5E8-ABE1704A4CF7}.Debug|Any CPU.Build.0 = Debug|Any CPU
		{9A46418B-F09C-4145-A5E8-ABE1704A4CF7}.Release|Any CPU.ActiveCfg = Release|Any CPU
		{9A46418B-F09C-4145-A5E8-ABE1704A4CF7}.Release|Any CPU.Build.0 = Release|Any CPU
		{D5260577-C09B-43A0-963B-F8FAEC0323EE}.Debug|Any CPU.ActiveCfg = Debug|Any CPU
		{D5260577-C09B-43A0-963B-F8FAEC0323EE}.Debug|Any CPU.Build.0 = Debug|Any CPU
		{D5260577-C09B-43A0-963B-F8FAEC0323EE}.Release|Any CPU.ActiveCfg = Release|Any CPU
		{D5260577-C09B-43A0-963B-F8FAEC0323EE}.Release|Any CPU.Build.0 = Release|Any CPU
		{38B013B6-53BB-45EF-B154-0728821C7F0B}.Debug|Any CPU.ActiveCfg = Debug|Any CPU
		{38B013B6-53BB-45EF-B154-0728821C7F0B}.Debug|Any CPU.Build.0 = Debug|Any CPU
		{38B013B6-53BB-45EF-B154-0728821C7F0B}.Release|Any CPU.ActiveCfg = Release|Any CPU
		{38B013B6-53BB-45EF-B154-0728821C7F0B}.Release|Any CPU.Build.0 = Release|Any CPU
		{F9652FC6-3DB8-454A-B4E8-F09CFC97158F}.Debug|Any CPU.ActiveCfg = Debug|Any CPU
		{F9652FC6-3DB8-454A-B4E8-F09CFC97158F}.Debug|Any CPU.Build.0 = Debug|Any CPU
		{F9652FC6-3DB8-454A-B4E8-F09CFC97158F}.Release|Any CPU.ActiveCfg = Release|Any CPU
		{F9652FC6-3DB8-454A-B4E8-F09CFC97158F}.Release|Any CPU.Build.0 = Release|Any CPU
		{207147BF-A8F1-49BC-9FDE-A29F195F80E6}.Debug|Any CPU.ActiveCfg = Debug|Any CPU
		{207147BF-A8F1-49BC-9FDE-A29F195F80E6}.Debug|Any CPU.Build.0 = Debug|Any CPU
		{207147BF-A8F1-49BC-9FDE-A29F195F80E6}.Release|Any CPU.ActiveCfg = Release|Any CPU
		{207147BF-A8F1-49BC-9FDE-A29F195F80E6}.Release|Any CPU.Build.0 = Release|Any CPU
	EndGlobalSection
	GlobalSection(SolutionProperties) = preSolution
		HideSolutionNode = FALSE
	EndGlobalSection
	GlobalSection(ExtensibilityGlobals) = postSolution
		SolutionGuid = {387C5FD5-AF34-4FE3-8202-8C125B9D1556}
	EndGlobalSection
EndGlobal
